
Microsoft Visual Studio Solution File, Format Version 12.00
# Visual Studio Version 16
VisualStudioVersion = 16.0.30406.217
MinimumVisualStudioVersion = 10.0.40219.1
Project("{FAE04EC0-301F-11D3-BF4B-00C04F79EFBC}") = "ArreglodeListas", "ArreglodeListas\ArreglodeListas.csproj", "{9482CF7D-C551-4E02-A096-52B9D56A3422}"
EndProject
Global
	GlobalSection(SolutionConfigurationPlatforms) = preSolution
		Debug|Any CPU = Debug|Any CPU
		Release|Any CPU = Release|Any CPU
	EndGlobalSection
	GlobalSection(ProjectConfigurationPlatforms) = postSolution
		{9482CF7D-C551-4E02-A096-52B9D56A3422}.Debug|Any CPU.ActiveCfg = Debug|Any CPU
		{9482CF7D-C551-4E02-A096-52B9D56A3422}.Debug|Any CPU.Build.0 = Debug|Any CPU
		{9482CF7D-C551-4E02-A096-52B9D56A3422}.Release|Any CPU.ActiveCfg = Release|Any CPU
		{9482CF7D-C551-4E02-A096-52B9D56A3422}.Release|Any CPU.Build.0 = Release|Any CPU
	EndGlobalSection
	GlobalSection(SolutionProperties) = preSolution
		HideSolutionNode = FALSE
	EndGlobalSection
	GlobalSection(ExtensibilityGlobals) = postSolution
		SolutionGuid = {DBDB3E5A-2B7E-4462-9FB8-0BE8B4E1164E}
	EndGlobalSection
EndGlobal
